
Microsoft Visual Studio Solution File, Format Version 12.00
# Visual Studio Version 17
VisualStudioVersion = 17.4.33213.308
MinimumVisualStudioVersion = 10.0.40219.1
Project("{FAE04EC0-301F-11D3-BF4B-00C04F79EFBC}") = "RRHH", "RRHH\RRHH.csproj", "{9FB8E0F8-80E7-44B0-B7F5-2C13D8F8DECD}"
EndProject
Global
	GlobalSection(SolutionConfigurationPlatforms) = preSolution
		Debug|Any CPU = Debug|Any CPU
		Release|Any CPU = Release|Any CPU
	EndGlobalSection
	GlobalSection(ProjectConfigurationPlatforms) = postSolution
		{9FB8E0F8-80E7-44B0-B7F5-2C13D8F8DECD}.Debug|Any CPU.ActiveCfg = Debug|Any CPU
		{9FB8E0F8-80E7-44B0-B7F5-2C13D8F8DECD}.Debug|Any CPU.Build.0 = Debug|Any CPU
		{9FB8E0F8-80E7-44B0-B7F5-2C13D8F8DECD}.Release|Any CPU.ActiveCfg = Release|Any CPU
		{9FB8E0F8-80E7-44B0-B7F5-2C13D8F8DECD}.Release|Any CPU.Build.0 = Release|Any CPU
	EndGlobalSection
	GlobalSection(SolutionProperties) = preSolution
		HideSolutionNode = FALSE
	EndGlobalSection
	GlobalSection(ExtensibilityGlobals) = postSolution
		SolutionGuid = {1978DFC6-FBEC-41CE-850A-983667580949}
	EndGlobalSection
EndGlobal
